
Microsoft Visual Studio Solution File, Format Version 12.00
# Visual Studio Version 16
VisualStudioVersion = 16.0.31129.286
MinimumVisualStudioVersion = 10.0.40219.1
Project("{FAE04EC0-301F-11D3-BF4B-00C04F79EFBC}") = "EmployeeManagement", "EmployeeManagement.csproj", "{76AAE334-D4A6-4AD5-B534-4D61147E096D}"
EndProject
Project("{FAE04EC0-301F-11D3-BF4B-00C04F79EFBC}") = "EmployeeManagementTest", "..\EmployeeManagementTest\EmployeeManagementTest.csproj", "{955C5B3E-E067-42E2-984D-E79CE5916B8F}"
EndProject
Global
	GlobalSection(SolutionConfigurationPlatforms) = preSolution
		Debug|Any CPU = Debug|Any CPU
		Release|Any CPU = Release|Any CPU
	EndGlobalSection
	GlobalSection(ProjectConfigurationPlatforms) = postSolution
		{76AAE334-D4A6-4AD5-B534-4D61147E096D}.Debug|Any CPU.ActiveCfg = Debug|Any CPU
		{76AAE334-D4A6-4AD5-B534-4D61147E096D}.Debug|Any CPU.Build.0 = Debug|Any CPU
		{76AAE334-D4A6-4AD5-B534-4D61147E096D}.Release|Any CPU.ActiveCfg = Release|Any CPU
		{76AAE334-D4A6-4AD5-B534-4D61147E096D}.Release|Any CPU.Build.0 = Release|Any CPU
		{955C5B3E-E067-42E2-984D-E79CE5916B8F}.Debug|Any CPU.ActiveCfg = Debug|Any CPU
		{955C5B3E-E067-42E2-984D-E79CE5916B8F}.Debug|Any CPU.Build.0 = Debug|Any CPU
		{955C5B3E-E067-42E2-984D-E79CE5916B8F}.Release|Any CPU.ActiveCfg = Release|Any CPU
		{955C5B3E-E067-42E2-984D-E79CE5916B8F}.Release|Any CPU.Build.0 = Release|Any CPU
	EndGlobalSection
	GlobalSection(SolutionProperties) = preSolution
		HideSolutionNode = FALSE
	EndGlobalSection
	GlobalSection(ExtensibilityGlobals) = postSolution
		SolutionGuid = {0959031D-EFCF-4655-82A3-C7D0565AC13C}
	EndGlobalSection
EndGlobal
